
Microsoft Visual Studio Solution File, Format Version 12.00
# Visual Studio Version 17
VisualStudioVersion = 17.14.37216.2 d17.14
MinimumVisualStudioVersion = 10.0.40219.1
Project("{FAE04EC0-301F-11D3-BF4B-00C04F79EFBC}") = "Messenger.Domain", "Messenger.Domain\Messenger.Domain.csproj", "{6EE36BE7-1F18-4CCA-854B-E44B2B5056E5}"
EndProject
Project("{FAE04EC0-301F-11D3-BF4B-00C04F79EFBC}") = "Messenger.Application", "Messenger.Application\Messenger.Application.csproj", "{2ED5C92E-4FBF-444F-AB20-79EFDAA05277}"
EndProject
Project("{FAE04EC0-301F-11D3-BF4B-00C04F79EFBC}") = "Messenger.Infrastructure", "Messenger.Infrastructure\Messenger.Infrastructure.csproj", "{4399274B-20B4-4F9C-A20F-E96BF9934A23}"
EndProject
Project("{FAE04EC0-301F-11D3-BF4B-00C04F79EFBC}") = "Messenger.API", "Messenger.API\Messenger.API.csproj", "{176CE113-CEA9-47A7-A4F9-9A56FF019A8A}"
EndProject
Global
	GlobalSection(SolutionConfigurationPlatforms) = preSolution
		Debug|Any CPU = Debug|Any CPU
		Release|Any CPU = Release|Any CPU
	EndGlobalSection
	GlobalSection(ProjectConfigurationPlatforms) = postSolution
		{6EE36BE7-1F18-4CCA-854B-E44B2B5056E5}.Debug|Any CPU.ActiveCfg = Debug|Any CPU
		{6EE36BE7-1F18-4CCA-854B-E44B2B5056E5}.Debug|Any CPU.Build.0 = Debug|Any CPU
		{6EE36BE7-1F18-4CCA-854B-E44B2B5056E5}.Release|Any CPU.ActiveCfg = Release|Any CPU
		{6EE36BE7-1F18-4CCA-854B-E44B2B5056E5}.Release|Any CPU.Build.0 = Release|Any CPU
		{2ED5C92E-4FBF-444F-AB20-79EFDAA05277}.Debug|Any CPU.ActiveCfg = Debug|Any CPU
		{2ED5C92E-4FBF-444F-AB20-79EFDAA05277}.Debug|Any CPU.Build.0 = Debug|Any CPU
		{2ED5C92E-4FBF-444F-AB20-79EFDAA05277}.Release|Any CPU.ActiveCfg = Release|Any CPU
		{2ED5C92E-4FBF-444F-AB20-79EFDAA05277}.Release|Any CPU.Build.0 = Release|Any CPU
		{4399274B-20B4-4F9C-A20F-E96BF9934A23}.Debug|Any CPU.ActiveCfg = Debug|Any CPU
		{4399274B-20B4-4F9C-A20F-E96BF9934A23}.Debug|Any CPU.Build.0 = Debug|Any CPU
		{4399274B-20B4-4F9C-A20F-E96BF9934A23}.Release|Any CPU.ActiveCfg = Release|Any CPU
		{4399274B-20B4-4F9C-A20F-E96BF9934A23}.Release|Any CPU.Build.0 = Release|Any CPU
		{176CE113-CEA9-47A7-A4F9-9A56FF019A8A}.Debug|Any CPU.ActiveCfg = Debug|Any CPU
		{176CE113-CEA9-47A7-A4F9-9A56FF019A8A}.Debug|Any CPU.Build.0 = Debug|Any CPU
		{176CE113-CEA9-47A7-A4F9-9A56FF019A8A}.Release|Any CPU.ActiveCfg = Release|Any CPU
		{176CE113-CEA9-47A7-A4F9-9A56FF019A8A}.Release|Any CPU.Build.0 = Release|Any CPU
	EndGlobalSection
	GlobalSection(SolutionProperties) = preSolution
		HideSolutionNode = FALSE
	EndGlobalSection
	GlobalSection(ExtensibilityGlobals) = postSolution
		SolutionGuid = {284F59F6-DBBD-4E3C-A246-36268F70AA12}
	EndGlobalSection
EndGlobal
